// !$*UTF8*$!
{
	archiveVersion = 1;
	classes = {
	};
	objectVersion = 50;
	objects = {

/* Begin PBXBuildFile section */
		50692034239798980083ACDD /* Gaudi.framework in Frameworks */ = {isa = PBXBuildFile; fileRef = 5069202A239798980083ACDD /* Gaudi.framework */; };
		5069203B239798980083ACDD /* Gaudi.h in Headers */ = {isa = PBXBuildFile; fileRef = 5069202D239798980083ACDD /* Gaudi.h */; settings = {ATTRIBUTES = (Public, ); }; };
		5074A09123A53E9300A77A30 /* ThemeContainer.swift in Sources */ = {isa = PBXBuildFile; fileRef = 5074A07D23A53E9300A77A30 /* ThemeContainer.swift */; };
		5074A09223A53E9300A77A30 /* StringAttributes.swift in Sources */ = {isa = PBXBuildFile; fileRef = 5074A07F23A53E9300A77A30 /* StringAttributes.swift */; };
		5074A09323A53E9300A77A30 /* AttributesBuilder.swift in Sources */ = {isa = PBXBuildFile; fileRef = 5074A08123A53E9300A77A30 /* AttributesBuilder.swift */; };
		5074A09423A53E9300A77A30 /* NSAttributedStringBuilder.swift in Sources */ = {isa = PBXBuildFile; fileRef = 5074A08223A53E9300A77A30 /* NSAttributedStringBuilder.swift */; };
		5074A09523A53E9300A77A30 /* NSAttribbutedString+Theme.swift in Sources */ = {isa = PBXBuildFile; fileRef = 5074A08323A53E9300A77A30 /* NSAttribbutedString+Theme.swift */; };
		5074A09623A53E9300A77A30 /* String+Theme.swift in Sources */ = {isa = PBXBuildFile; fileRef = 5074A08423A53E9300A77A30 /* String+Theme.swift */; };
		5074A09723A53E9300A77A30 /* SemanticColor.swift in Sources */ = {isa = PBXBuildFile; fileRef = 5074A08623A53E9300A77A30 /* SemanticColor.swift */; };
		5074A09823A53E9300A77A30 /* FontStyle.swift in Sources */ = {isa = PBXBuildFile; fileRef = 5074A08723A53E9300A77A30 /* FontStyle.swift */; };
		5074A09923A53E9300A77A30 /* ThemeProtocol.swift in Sources */ = {isa = PBXBuildFile; fileRef = 5074A08823A53E9300A77A30 /* ThemeProtocol.swift */; };
		5074A09A23A53E9300A77A30 /* UIColor+Theme.swift in Sources */ = {isa = PBXBuildFile; fileRef = 5074A08A23A53E9300A77A30 /* UIColor+Theme.swift */; };
		5074A09B23A53E9300A77A30 /* UIColor+Hex.swift in Sources */ = {isa = PBXBuildFile; fileRef = 5074A08B23A53E9300A77A30 /* UIColor+Hex.swift */; };
		5074A09C23A53E9300A77A30 /* UIColor+Utils.swift in Sources */ = {isa = PBXBuildFile; fileRef = 5074A08C23A53E9300A77A30 /* UIColor+Utils.swift */; };
		5074A09D23A53E9300A77A30 /* UIFont+Theme.swift in Sources */ = {isa = PBXBuildFile; fileRef = 5074A08D23A53E9300A77A30 /* UIFont+Theme.swift */; };
		5074A09E23A53E9300A77A30 /* UILabel+Theme.swift in Sources */ = {isa = PBXBuildFile; fileRef = 5074A08E23A53E9300A77A30 /* UILabel+Theme.swift */; };
		5074A09F23A53E9300A77A30 /* UIWindow+Theme.swift in Sources */ = {isa = PBXBuildFile; fileRef = 5074A08F23A53E9300A77A30 /* UIWindow+Theme.swift */; };
		5074A0A023A53E9300A77A30 /* AppearanceRule.swift in Sources */ = {isa = PBXBuildFile; fileRef = 5074A09023A53E9300A77A30 /* AppearanceRule.swift */; };
		5074A0B423A53EB000A77A30 /* ThemeTests.swift in Sources */ = {isa = PBXBuildFile; fileRef = 5074A0A123A53EB000A77A30 /* ThemeTests.swift */; };
		5074A0B523A53EB000A77A30 /* ReversibleTests.swift in Sources */ = {isa = PBXBuildFile; fileRef = 5074A0A323A53EB000A77A30 /* ReversibleTests.swift */; };
		5074A0B623A53EB000A77A30 /* AppearanceRuleTests.swift in Sources */ = {isa = PBXBuildFile; fileRef = 5074A0A423A53EB000A77A30 /* AppearanceRuleTests.swift */; };
		5074A0B723A53EB000A77A30 /* AppearanceRuleDSLTests.swift in Sources */ = {isa = PBXBuildFile; fileRef = 5074A0A523A53EB000A77A30 /* AppearanceRuleDSLTests.swift */; };
		5074A0B823A53EB000A77A30 /* ThemedWindowTests.swift in Sources */ = {isa = PBXBuildFile; fileRef = 5074A0A723A53EB000A77A30 /* ThemedWindowTests.swift */; };
		5074A0B923A53EB000A77A30 /* UILabelThemeTests.swift in Sources */ = {isa = PBXBuildFile; fileRef = 5074A0A823A53EB000A77A30 /* UILabelThemeTests.swift */; };
		5074A0BA23A53EB000A77A30 /* UIColorThemeTests.swift in Sources */ = {isa = PBXBuildFile; fileRef = 5074A0A923A53EB000A77A30 /* UIColorThemeTests.swift */; };
		5074A0BB23A53EB000A77A30 /* UIfontThemeTests.swift in Sources */ = {isa = PBXBuildFile; fileRef = 5074A0AA23A53EB000A77A30 /* UIfontThemeTests.swift */; };
		5074A0BC23A53EB000A77A30 /* UIColorUtilsTests.swift in Sources */ = {isa = PBXBuildFile; fileRef = 5074A0AB23A53EB000A77A30 /* UIColorUtilsTests.swift */; };
		5074A0BD23A53EB000A77A30 /* UIColorHexTests.swift in Sources */ = {isa = PBXBuildFile; fileRef = 5074A0AC23A53EB000A77A30 /* UIColorHexTests.swift */; };
		5074A0BE23A53EB000A77A30 /* MockTheme.swift in Sources */ = {isa = PBXBuildFile; fileRef = 5074A0AD23A53EB000A77A30 /* MockTheme.swift */; };
		5074A0BF23A53EB000A77A30 /* SringAttributesTests.swift in Sources */ = {isa = PBXBuildFile; fileRef = 5074A0AF23A53EB000A77A30 /* SringAttributesTests.swift */; };
		5074A0C023A53EB000A77A30 /* NSAttributedStringTests.swift in Sources */ = {isa = PBXBuildFile; fileRef = 5074A0B023A53EB000A77A30 /* NSAttributedStringTests.swift */; };
		5074A0C123A53EB000A77A30 /* StringAttributesDSLTests.swift in Sources */ = {isa = PBXBuildFile; fileRef = 5074A0B123A53EB000A77A30 /* StringAttributesDSLTests.swift */; };
		5074A0C223A53EB000A77A30 /* StringTests.swift in Sources */ = {isa = PBXBuildFile; fileRef = 5074A0B223A53EB000A77A30 /* StringTests.swift */; };
		5074A0C323A53EB000A77A30 /* NSAttributedStringDSLTests.swift in Sources */ = {isa = PBXBuildFile; fileRef = 5074A0B323A53EB000A77A30 /* NSAttributedStringDSLTests.swift */; };
/* End PBXBuildFile section */

/* Begin PBXContainerItemProxy section */
		50692035239798980083ACDD /* PBXContainerItemProxy */ = {
			isa = PBXContainerItemProxy;
			containerPortal = 50692021239798980083ACDD /* Project object */;
			proxyType = 1;
			remoteGlobalIDString = 50692029239798980083ACDD;
			remoteInfo = Gaudi;
		};
/* End PBXContainerItemProxy section */

/* Begin PBXFileReference section */
		5069202A239798980083ACDD /* Gaudi.framework */ = {isa = PBXFileReference; explicitFileType = wrapper.framework; includeInIndex = 0; path = Gaudi.framework; sourceTree = BUILT_PRODUCTS_DIR; };
		5069202D239798980083ACDD /* Gaudi.h */ = {isa = PBXFileReference; lastKnownFileType = sourcecode.c.h; path = Gaudi.h; sourceTree = "<group>"; };
		5069202E239798980083ACDD /* Info.plist */ = {isa = PBXFileReference; lastKnownFileType = text.plist.xml; path = Info.plist; sourceTree = "<group>"; };
		50692033239798980083ACDD /* GaudiTests.xctest */ = {isa = PBXFileReference; explicitFileType = wrapper.cfbundle; includeInIndex = 0; path = GaudiTests.xctest; sourceTree = BUILT_PRODUCTS_DIR; };
		5069203A239798980083ACDD /* Info.plist */ = {isa = PBXFileReference; lastKnownFileType = text.plist.xml; path = Info.plist; sourceTree = "<group>"; };
		5074A07D23A53E9300A77A30 /* ThemeContainer.swift */ = {isa = PBXFileReference; fileEncoding = 4; lastKnownFileType = sourcecode.swift; name = ThemeContainer.swift; path = Sources/Gaudi/ThemeContainer.swift; sourceTree = SOURCE_ROOT; };
		5074A07F23A53E9300A77A30 /* StringAttributes.swift */ = {isa = PBXFileReference; fileEncoding = 4; lastKnownFileType = sourcecode.swift; path = StringAttributes.swift; sourceTree = "<group>"; };
		5074A08123A53E9300A77A30 /* AttributesBuilder.swift */ = {isa = PBXFileReference; fileEncoding = 4; lastKnownFileType = sourcecode.swift; path = AttributesBuilder.swift; sourceTree = "<group>"; };
		5074A08223A53E9300A77A30 /* NSAttributedStringBuilder.swift */ = {isa = PBXFileReference; fileEncoding = 4; lastKnownFileType = sourcecode.swift; path = NSAttributedStringBuilder.swift; sourceTree = "<group>"; };
		5074A08323A53E9300A77A30 /* NSAttribbutedString+Theme.swift */ = {isa = PBXFileReference; fileEncoding = 4; lastKnownFileType = sourcecode.swift; path = "NSAttribbutedString+Theme.swift"; sourceTree = "<group>"; };
		5074A08423A53E9300A77A30 /* String+Theme.swift */ = {isa = PBXFileReference; fileEncoding = 4; lastKnownFileType = sourcecode.swift; path = "String+Theme.swift"; sourceTree = "<group>"; };
		5074A08623A53E9300A77A30 /* SemanticColor.swift */ = {isa = PBXFileReference; fileEncoding = 4; lastKnownFileType = sourcecode.swift; path = SemanticColor.swift; sourceTree = "<group>"; };
		5074A08723A53E9300A77A30 /* FontStyle.swift */ = {isa = PBXFileReference; fileEncoding = 4; lastKnownFileType = sourcecode.swift; path = FontStyle.swift; sourceTree = "<group>"; };
		5074A08823A53E9300A77A30 /* ThemeProtocol.swift */ = {isa = PBXFileReference; fileEncoding = 4; lastKnownFileType = sourcecode.swift; path = ThemeProtocol.swift; sourceTree = "<group>"; };
		5074A08A23A53E9300A77A30 /* UIColor+Theme.swift */ = {isa = PBXFileReference; fileEncoding = 4; lastKnownFileType = sourcecode.swift; path = "UIColor+Theme.swift"; sourceTree = "<group>"; };
		5074A08B23A53E9300A77A30 /* UIColor+Hex.swift */ = {isa = PBXFileReference; fileEncoding = 4; lastKnownFileType = sourcecode.swift; path = "UIColor+Hex.swift"; sourceTree = "<group>"; };
		5074A08C23A53E9300A77A30 /* UIColor+Utils.swift */ = {isa = PBXFileReference; fileEncoding = 4; lastKnownFileType = sourcecode.swift; path = "UIColor+Utils.swift"; sourceTree = "<group>"; };
		5074A08D23A53E9300A77A30 /* UIFont+Theme.swift */ = {isa = PBXFileReference; fileEncoding = 4; lastKnownFileType = sourcecode.swift; path = "UIFont+Theme.swift"; sourceTree = "<group>"; };
		5074A08E23A53E9300A77A30 /* UILabel+Theme.swift */ = {isa = PBXFileReference; fileEncoding = 4; lastKnownFileType = sourcecode.swift; path = "UILabel+Theme.swift"; sourceTree = "<group>"; };
		5074A08F23A53E9300A77A30 /* UIWindow+Theme.swift */ = {isa = PBXFileReference; fileEncoding = 4; lastKnownFileType = sourcecode.swift; name = "UIWindow+Theme.swift"; path = "Sources/Gaudi/UIWindow+Theme.swift"; sourceTree = SOURCE_ROOT; };
		5074A09023A53E9300A77A30 /* AppearanceRule.swift */ = {isa = PBXFileReference; fileEncoding = 4; lastKnownFileType = sourcecode.swift; name = AppearanceRule.swift; path = Sources/Gaudi/AppearanceRule.swift; sourceTree = SOURCE_ROOT; };
		5074A0A123A53EB000A77A30 /* ThemeTests.swift */ = {isa = PBXFileReference; fileEncoding = 4; lastKnownFileType = sourcecode.swift; name = ThemeTests.swift; path = Tests/GaudiTests/ThemeTests.swift; sourceTree = SOURCE_ROOT; };
		5074A0A323A53EB000A77A30 /* ReversibleTests.swift */ = {isa = PBXFileReference; fileEncoding = 4; lastKnownFileType = sourcecode.swift; path = ReversibleTests.swift; sourceTree = "<group>"; };
		5074A0A423A53EB000A77A30 /* AppearanceRuleTests.swift */ = {isa = PBXFileReference; fileEncoding = 4; lastKnownFileType = sourcecode.swift; path = AppearanceRuleTests.swift; sourceTree = "<group>"; };
		5074A0A523A53EB000A77A30 /* AppearanceRuleDSLTests.swift */ = {isa = PBXFileReference; fileEncoding = 4; lastKnownFileType = sourcecode.swift; path = AppearanceRuleDSLTests.swift; sourceTree = "<group>"; };
		5074A0A723A53EB000A77A30 /* ThemedWindowTests.swift */ = {isa = PBXFileReference; fileEncoding = 4; lastKnownFileType = sourcecode.swift; path = ThemedWindowTests.swift; sourceTree = "<group>"; };
		5074A0A823A53EB000A77A30 /* UILabelThemeTests.swift */ = {isa = PBXFileReference; fileEncoding = 4; lastKnownFileType = sourcecode.swift; path = UILabelThemeTests.swift; sourceTree = "<group>"; };
		5074A0A923A53EB000A77A30 /* UIColorThemeTests.swift */ = {isa = PBXFileReference; fileEncoding = 4; lastKnownFileType = sourcecode.swift; path = UIColorThemeTests.swift; sourceTree = "<group>"; };
		5074A0AA23A53EB000A77A30 /* UIfontThemeTests.swift */ = {isa = PBXFileReference; fileEncoding = 4; lastKnownFileType = sourcecode.swift; path = UIfontThemeTests.swift; sourceTree = "<group>"; };
		5074A0AB23A53EB000A77A30 /* UIColorUtilsTests.swift */ = {isa = PBXFileReference; fileEncoding = 4; lastKnownFileType = sourcecode.swift; path = UIColorUtilsTests.swift; sourceTree = "<group>"; };
		5074A0AC23A53EB000A77A30 /* UIColorHexTests.swift */ = {isa = PBXFileReference; fileEncoding = 4; lastKnownFileType = sourcecode.swift; path = UIColorHexTests.swift; sourceTree = "<group>"; };
		5074A0AD23A53EB000A77A30 /* MockTheme.swift */ = {isa = PBXFileReference; fileEncoding = 4; lastKnownFileType = sourcecode.swift; name = MockTheme.swift; path = Tests/GaudiTests/MockTheme.swift; sourceTree = SOURCE_ROOT; };
		5074A0AF23A53EB000A77A30 /* SringAttributesTests.swift */ = {isa = PBXFileReference; fileEncoding = 4; lastKnownFileType = sourcecode.swift; path = SringAttributesTests.swift; sourceTree = "<group>"; };
		5074A0B023A53EB000A77A30 /* NSAttributedStringTests.swift */ = {isa = PBXFileReference; fileEncoding = 4; lastKnownFileType = sourcecode.swift; path = NSAttributedStringTests.swift; sourceTree = "<group>"; };
		5074A0B123A53EB000A77A30 /* StringAttributesDSLTests.swift */ = {isa = PBXFileReference; fileEncoding = 4; lastKnownFileType = sourcecode.swift; path = StringAttributesDSLTests.swift; sourceTree = "<group>"; };
		5074A0B223A53EB000A77A30 /* StringTests.swift */ = {isa = PBXFileReference; fileEncoding = 4; lastKnownFileType = sourcecode.swift; path = StringTests.swift; sourceTree = "<group>"; };
		5074A0B323A53EB000A77A30 /* NSAttributedStringDSLTests.swift */ = {isa = PBXFileReference; fileEncoding = 4; lastKnownFileType = sourcecode.swift; path = NSAttributedStringDSLTests.swift; sourceTree = "<group>"; };
/* End PBXFileReference section */

/* Begin PBXFrameworksBuildPhase section */
		50692027239798980083ACDD /* Frameworks */ = {
			isa = PBXFrameworksBuildPhase;
			buildActionMask = 2147483647;
			files = (
			);
			runOnlyForDeploymentPostprocessing = 0;
		};
		50692030239798980083ACDD /* Frameworks */ = {
			isa = PBXFrameworksBuildPhase;
			buildActionMask = 2147483647;
			files = (
				50692034239798980083ACDD /* Gaudi.framework in Frameworks */,
			);
			runOnlyForDeploymentPostprocessing = 0;
		};
/* End PBXFrameworksBuildPhase section */

/* Begin PBXGroup section */
		50692020239798980083ACDD = {
			isa = PBXGroup;
			children = (
				5069202C239798980083ACDD /* Gaudi */,
				50692037239798980083ACDD /* GaudiTests */,
				5069202B239798980083ACDD /* Products */,
			);
			sourceTree = "<group>";
		};
		5069202B239798980083ACDD /* Products */ = {
			isa = PBXGroup;
			children = (
				5069202A239798980083ACDD /* Gaudi.framework */,
				50692033239798980083ACDD /* GaudiTests.xctest */,
			);
			name = Products;
			sourceTree = "<group>";
		};
		5069202C239798980083ACDD /* Gaudi */ = {
			isa = PBXGroup;
			children = (
				5069202D239798980083ACDD /* Gaudi.h */,
				5074A07D23A53E9300A77A30 /* ThemeContainer.swift */,
				5074A08F23A53E9300A77A30 /* UIWindow+Theme.swift */,
				5074A09023A53E9300A77A30 /* AppearanceRule.swift */,
				5074A07E23A53E9300A77A30 /* Strings */,
				5074A08523A53E9300A77A30 /* Theme */,
				5074A08923A53E9300A77A30 /* UIKit+Theme */,
				5069202E239798980083ACDD /* Info.plist */,
			);
			path = Gaudi;
			sourceTree = "<group>";
		};
		50692037239798980083ACDD /* GaudiTests */ = {
			isa = PBXGroup;
			children = (
				5074A0AD23A53EB000A77A30 /* MockTheme.swift */,
				5074A0A123A53EB000A77A30 /* ThemeTests.swift */,
				5074A0AE23A53EB000A77A30 /* NSAttributedStringTests */,
				5074A0A223A53EB000A77A30 /* RulesTests */,
				5074A0A623A53EB000A77A30 /* UIKitTests */,
				5069203A239798980083ACDD /* Info.plist */,
			);
			path = GaudiTests;
			sourceTree = "<group>";
		};
		5074A07E23A53E9300A77A30 /* Strings */ = {
			isa = PBXGroup;
			children = (
				5074A07F23A53E9300A77A30 /* StringAttributes.swift */,
				5074A08023A53E9300A77A30 /* Builders */,
				5074A08323A53E9300A77A30 /* NSAttribbutedString+Theme.swift */,
				5074A08423A53E9300A77A30 /* String+Theme.swift */,
			);
			name = Strings;
			path = Sources/Gaudi/Strings;
			sourceTree = SOURCE_ROOT;
		};
		5074A08023A53E9300A77A30 /* Builders */ = {
			isa = PBXGroup;
			children = (
				5074A08123A53E9300A77A30 /* AttributesBuilder.swift */,
				5074A08223A53E9300A77A30 /* NSAttributedStringBuilder.swift */,
			);
			path = Builders;
			sourceTree = "<group>";
		};
		5074A08523A53E9300A77A30 /* Theme */ = {
			isa = PBXGroup;
			children = (
				5074A08623A53E9300A77A30 /* SemanticColor.swift */,
				5074A08723A53E9300A77A30 /* FontStyle.swift */,
				5074A08823A53E9300A77A30 /* ThemeProtocol.swift */,
			);
			name = Theme;
			path = Sources/Gaudi/Theme;
			sourceTree = SOURCE_ROOT;
		};
		5074A08923A53E9300A77A30 /* UIKit+Theme */ = {
			isa = PBXGroup;
			children = (
				5074A08A23A53E9300A77A30 /* UIColor+Theme.swift */,
				5074A08B23A53E9300A77A30 /* UIColor+Hex.swift */,
				5074A08C23A53E9300A77A30 /* UIColor+Utils.swift */,
				5074A08D23A53E9300A77A30 /* UIFont+Theme.swift */,
				5074A08E23A53E9300A77A30 /* UILabel+Theme.swift */,
			);
			name = "UIKit+Theme";
			path = "Sources/Gaudi/UIKit+Theme";
			sourceTree = SOURCE_ROOT;
		};
		5074A0A223A53EB000A77A30 /* RulesTests */ = {
			isa = PBXGroup;
			children = (
				5074A0A323A53EB000A77A30 /* ReversibleTests.swift */,
				5074A0A423A53EB000A77A30 /* AppearanceRuleTests.swift */,
				5074A0A523A53EB000A77A30 /* AppearanceRuleDSLTests.swift */,
			);
			name = RulesTests;
			path = Tests/GaudiTests/RulesTests;
			sourceTree = SOURCE_ROOT;
		};
		5074A0A623A53EB000A77A30 /* UIKitTests */ = {
			isa = PBXGroup;
			children = (
				5074A0A723A53EB000A77A30 /* ThemedWindowTests.swift */,
				5074A0A823A53EB000A77A30 /* UILabelThemeTests.swift */,
				5074A0A923A53EB000A77A30 /* UIColorThemeTests.swift */,
				5074A0AA23A53EB000A77A30 /* UIfontThemeTests.swift */,
				5074A0AB23A53EB000A77A30 /* UIColorUtilsTests.swift */,
				5074A0AC23A53EB000A77A30 /* UIColorHexTests.swift */,
			);
			name = UIKitTests;
			path = Tests/GaudiTests/UIKitTests;
			sourceTree = SOURCE_ROOT;
		};
		5074A0AE23A53EB000A77A30 /* NSAttributedStringTests */ = {
			isa = PBXGroup;
			children = (
				5074A0AF23A53EB000A77A30 /* SringAttributesTests.swift */,
				5074A0B023A53EB000A77A30 /* NSAttributedStringTests.swift */,
				5074A0B123A53EB000A77A30 /* StringAttributesDSLTests.swift */,
				5074A0B223A53EB000A77A30 /* StringTests.swift */,
				5074A0B323A53EB000A77A30 /* NSAttributedStringDSLTests.swift */,
			);
			name = NSAttributedStringTests;
			path = Tests/GaudiTests/NSAttributedStringTests;
			sourceTree = SOURCE_ROOT;
		};
/* End PBXGroup section */

/* Begin PBXHeadersBuildPhase section */
		50692025239798980083ACDD /* Headers */ = {
			isa = PBXHeadersBuildPhase;
			buildActionMask = 2147483647;
			files = (
				5069203B239798980083ACDD /* Gaudi.h in Headers */,
			);
			runOnlyForDeploymentPostprocessing = 0;
		};
/* End PBXHeadersBuildPhase section */

/* Begin PBXNativeTarget section */
		50692029239798980083ACDD /* Gaudi */ = {
			isa = PBXNativeTarget;
			buildConfigurationList = 5069203E239798980083ACDD /* Build configuration list for PBXNativeTarget "Gaudi" */;
			buildPhases = (
				50692025239798980083ACDD /* Headers */,
				50692026239798980083ACDD /* Sources */,
				50692027239798980083ACDD /* Frameworks */,
				50692028239798980083ACDD /* Resources */,
			);
			buildRules = (
			);
			dependencies = (
			);
			name = Gaudi;
			productName = Gaudi;
			productReference = 5069202A239798980083ACDD /* Gaudi.framework */;
			productType = "com.apple.product-type.framework";
		};
		50692032239798980083ACDD /* GaudiTests */ = {
			isa = PBXNativeTarget;
			buildConfigurationList = 50692041239798980083ACDD /* Build configuration list for PBXNativeTarget "GaudiTests" */;
			buildPhases = (
				5069202F239798980083ACDD /* Sources */,
				50692030239798980083ACDD /* Frameworks */,
				50692031239798980083ACDD /* Resources */,
			);
			buildRules = (
			);
			dependencies = (
				50692036239798980083ACDD /* PBXTargetDependency */,
			);
			name = GaudiTests;
			productName = GaudiTests;
			productReference = 50692033239798980083ACDD /* GaudiTests.xctest */;
			productType = "com.apple.product-type.bundle.unit-test";
		};
/* End PBXNativeTarget section */

/* Begin PBXProject section */
		50692021239798980083ACDD /* Project object */ = {
			isa = PBXProject;
			attributes = {
				LastSwiftUpdateCheck = 1120;
				LastUpgradeCheck = 1120;
				ORGANIZATIONNAME = "Giuseppe Lanza";
				TargetAttributes = {
					50692029239798980083ACDD = {
						CreatedOnToolsVersion = 11.2.1;
						LastSwiftMigration = 1130;
					};
					50692032239798980083ACDD = {
						CreatedOnToolsVersion = 11.2.1;
						LastSwiftMigration = 1130;
					};
				};
			};
			buildConfigurationList = 50692024239798980083ACDD /* Build configuration list for PBXProject "Gaudi" */;
			compatibilityVersion = "Xcode 9.3";
			developmentRegion = en;
			hasScannedForEncodings = 0;
			knownRegions = (
				en,
				Base,
			);
			mainGroup = 50692020239798980083ACDD;
			productRefGroup = 5069202B239798980083ACDD /* Products */;
			projectDirPath = "";
			projectRoot = "";
			targets = (
				50692029239798980083ACDD /* Gaudi */,
				50692032239798980083ACDD /* GaudiTests */,
			);
		};
/* End PBXProject section */

/* Begin PBXResourcesBuildPhase section */
		50692028239798980083ACDD /* Resources */ = {
			isa = PBXResourcesBuildPhase;
			buildActionMask = 2147483647;
			files = (
			);
			runOnlyForDeploymentPostprocessing = 0;
		};
		50692031239798980083ACDD /* Resources */ = {
			isa = PBXResourcesBuildPhase;
			buildActionMask = 2147483647;
			files = (
			);
			runOnlyForDeploymentPostprocessing = 0;
		};
/* End PBXResourcesBuildPhase section */

/* Begin PBXSourcesBuildPhase section */
		50692026239798980083ACDD /* Sources */ = {
			isa = PBXSourcesBuildPhase;
			buildActionMask = 2147483647;
			files = (
				5074A09623A53E9300A77A30 /* String+Theme.swift in Sources */,
				5074A09F23A53E9300A77A30 /* UIWindow+Theme.swift in Sources */,
				5074A09123A53E9300A77A30 /* ThemeContainer.swift in Sources */,
				5074A09823A53E9300A77A30 /* FontStyle.swift in Sources */,
				5074A09C23A53E9300A77A30 /* UIColor+Utils.swift in Sources */,
				5074A09E23A53E9300A77A30 /* UILabel+Theme.swift in Sources */,
				5074A09723A53E9300A77A30 /* SemanticColor.swift in Sources */,
				5074A0A023A53E9300A77A30 /* AppearanceRule.swift in Sources */,
				5074A09423A53E9300A77A30 /* NSAttributedStringBuilder.swift in Sources */,
				5074A09B23A53E9300A77A30 /* UIColor+Hex.swift in Sources */,
				5074A09A23A53E9300A77A30 /* UIColor+Theme.swift in Sources */,
				5074A09523A53E9300A77A30 /* NSAttribbutedString+Theme.swift in Sources */,
				5074A09923A53E9300A77A30 /* ThemeProtocol.swift in Sources */,
				5074A09D23A53E9300A77A30 /* UIFont+Theme.swift in Sources */,
				5074A09223A53E9300A77A30 /* StringAttributes.swift in Sources */,
				5074A09323A53E9300A77A30 /* AttributesBuilder.swift in Sources */,
			);
			runOnlyForDeploymentPostprocessing = 0;
		};
		5069202F239798980083ACDD /* Sources */ = {
			isa = PBXSourcesBuildPhase;
			buildActionMask = 2147483647;
			files = (
				5074A0BA23A53EB000A77A30 /* UIColorThemeTests.swift in Sources */,
				5074A0C223A53EB000A77A30 /* StringTests.swift in Sources */,
				5074A0C323A53EB000A77A30 /* NSAttributedStringDSLTests.swift in Sources */,
				5074A0B523A53EB000A77A30 /* ReversibleTests.swift in Sources */,
				5074A0B723A53EB000A77A30 /* AppearanceRuleDSLTests.swift in Sources */,
				5074A0B623A53EB000A77A30 /* AppearanceRuleTests.swift in Sources */,
				5074A0BC23A53EB000A77A30 /* UIColorUtilsTests.swift in Sources */,
				5074A0BB23A53EB000A77A30 /* UIfontThemeTests.swift in Sources */,
				5074A0BF23A53EB000A77A30 /* SringAttributesTests.swift in Sources */,
				5074A0BE23A53EB000A77A30 /* MockTheme.swift in Sources */,
				5074A0B823A53EB000A77A30 /* ThemedWindowTests.swift in Sources */,
				5074A0BD23A53EB000A77A30 /* UIColorHexTests.swift in Sources */,
				5074A0B923A53EB000A77A30 /* UILabelThemeTests.swift in Sources */,
				5074A0B423A53EB000A77A30 /* ThemeTests.swift in Sources */,
				5074A0C023A53EB000A77A30 /* NSAttributedStringTests.swift in Sources */,
				5074A0C123A53EB000A77A30 /* StringAttributesDSLTests.swift in Sources */,
			);
			runOnlyForDeploymentPostprocessing = 0;
		};
/* End PBXSourcesBuildPhase section */

/* Begin PBXTargetDependency section */
		50692036239798980083ACDD /* PBXTargetDependency */ = {
			isa = PBXTargetDependency;
			target = 50692029239798980083ACDD /* Gaudi */;
			targetProxy = 50692035239798980083ACDD /* PBXContainerItemProxy */;
		};
/* End PBXTargetDependency section */

/* Begin XCBuildConfiguration section */
		5069203C239798980083ACDD /* Debug */ = {
			isa = XCBuildConfiguration;
			buildSettings = {
				ALWAYS_SEARCH_USER_PATHS = NO;
				CLANG_ANALYZER_NONNULL = YES;
				CLANG_ANALYZER_NUMBER_OBJECT_CONVERSION = YES_AGGRESSIVE;
				CLANG_CXX_LANGUAGE_STANDARD = "gnu++14";
				CLANG_CXX_LIBRARY = "libc++";
				CLANG_ENABLE_MODULES = YES;
				CLANG_ENABLE_OBJC_ARC = YES;
				CLANG_ENABLE_OBJC_WEAK = YES;
				CLANG_WARN_BLOCK_CAPTURE_AUTORELEASING = YES;
				CLANG_WARN_BOOL_CONVERSION = YES;
				CLANG_WARN_COMMA = YES;
				CLANG_WARN_CONSTANT_CONVERSION = YES;
				CLANG_WARN_DEPRECATED_OBJC_IMPLEMENTATIONS = YES;
				CLANG_WARN_DIRECT_OBJC_ISA_USAGE = YES_ERROR;
				CLANG_WARN_DOCUMENTATION_COMMENTS = YES;
				CLANG_WARN_EMPTY_BODY = YES;
				CLANG_WARN_ENUM_CONVERSION = YES;
				CLANG_WARN_INFINITE_RECURSION = YES;
				CLANG_WARN_INT_CONVERSION = YES;
				CLANG_WARN_NON_LITERAL_NULL_CONVERSION = YES;
				CLANG_WARN_OBJC_IMPLICIT_RETAIN_SELF = YES;
				CLANG_WARN_OBJC_LITERAL_CONVERSION = YES;
				CLANG_WARN_OBJC_ROOT_CLASS = YES_ERROR;
				CLANG_WARN_RANGE_LOOP_ANALYSIS = YES;
				CLANG_WARN_STRICT_PROTOTYPES = YES;
				CLANG_WARN_SUSPICIOUS_MOVE = YES;
				CLANG_WARN_UNGUARDED_AVAILABILITY = YES_AGGRESSIVE;
				CLANG_WARN_UNREACHABLE_CODE = YES;
				CLANG_WARN__DUPLICATE_METHOD_MATCH = YES;
				COPY_PHASE_STRIP = NO;
				CURRENT_PROJECT_VERSION = 1;
				DEBUG_INFORMATION_FORMAT = dwarf;
				ENABLE_STRICT_OBJC_MSGSEND = YES;
				ENABLE_TESTABILITY = YES;
				GCC_C_LANGUAGE_STANDARD = gnu11;
				GCC_DYNAMIC_NO_PIC = NO;
				GCC_NO_COMMON_BLOCKS = YES;
				GCC_OPTIMIZATION_LEVEL = 0;
				GCC_PREPROCESSOR_DEFINITIONS = (
					"DEBUG=1",
					"$(inherited)",
				);
				GCC_WARN_64_TO_32_BIT_CONVERSION = YES;
				GCC_WARN_ABOUT_RETURN_TYPE = YES_ERROR;
				GCC_WARN_UNDECLARED_SELECTOR = YES;
				GCC_WARN_UNINITIALIZED_AUTOS = YES_AGGRESSIVE;
				GCC_WARN_UNUSED_FUNCTION = YES;
				GCC_WARN_UNUSED_VARIABLE = YES;
				IPHONEOS_DEPLOYMENT_TARGET = 13.2;
				MTL_ENABLE_DEBUG_INFO = INCLUDE_SOURCE;
				MTL_FAST_MATH = YES;
				ONLY_ACTIVE_ARCH = YES;
				SDKROOT = iphoneos;
				SWIFT_ACTIVE_COMPILATION_CONDITIONS = DEBUG;
				SWIFT_OPTIMIZATION_LEVEL = "-Onone";
				VERSIONING_SYSTEM = "apple-generic";
				VERSION_INFO_PREFIX = "";
			};
			name = Debug;
		};
		5069203D239798980083ACDD /* Release */ = {
			isa = XCBuildConfiguration;
			buildSettings = {
				ALWAYS_SEARCH_USER_PATHS = NO;
				CLANG_ANALYZER_NONNULL = YES;
				CLANG_ANALYZER_NUMBER_OBJECT_CONVERSION = YES_AGGRESSIVE;
				CLANG_CXX_LANGUAGE_STANDARD = "gnu++14";
				CLANG_CXX_LIBRARY = "libc++";
				CLANG_ENABLE_MODULES = YES;
				CLANG_ENABLE_OBJC_ARC = YES;
				CLANG_ENABLE_OBJC_WEAK = YES;
				CLANG_WARN_BLOCK_CAPTURE_AUTORELEASING = YES;
				CLANG_WARN_BOOL_CONVERSION = YES;
				CLANG_WARN_COMMA = YES;
				CLANG_WARN_CONSTANT_CONVERSION = YES;
				CLANG_WARN_DEPRECATED_OBJC_IMPLEMENTATIONS = YES;
				CLANG_WARN_DIRECT_OBJC_ISA_USAGE = YES_ERROR;
				CLANG_WARN_DOCUMENTATION_COMMENTS = YES;
				CLANG_WARN_EMPTY_BODY = YES;
				CLANG_WARN_ENUM_CONVERSION = YES;
				CLANG_WARN_INFINITE_RECURSION = YES;
				CLANG_WARN_INT_CONVERSION = YES;
				CLANG_WARN_NON_LITERAL_NULL_CONVERSION = YES;
				CLANG_WARN_OBJC_IMPLICIT_RETAIN_SELF = YES;
				CLANG_WARN_OBJC_LITERAL_CONVERSION = YES;
				CLANG_WARN_OBJC_ROOT_CLASS = YES_ERROR;
				CLANG_WARN_RANGE_LOOP_ANALYSIS = YES;
				CLANG_WARN_STRICT_PROTOTYPES = YES;
				CLANG_WARN_SUSPICIOUS_MOVE = YES;
				CLANG_WARN_UNGUARDED_AVAILABILITY = YES_AGGRESSIVE;
				CLANG_WARN_UNREACHABLE_CODE = YES;
				CLANG_WARN__DUPLICATE_METHOD_MATCH = YES;
				COPY_PHASE_STRIP = NO;
				CURRENT_PROJECT_VERSION = 1;
				DEBUG_INFORMATION_FORMAT = "dwarf-with-dsym";
				ENABLE_NS_ASSERTIONS = NO;
				ENABLE_STRICT_OBJC_MSGSEND = YES;
				GCC_C_LANGUAGE_STANDARD = gnu11;
				GCC_NO_COMMON_BLOCKS = YES;
				GCC_WARN_64_TO_32_BIT_CONVERSION = YES;
				GCC_WARN_ABOUT_RETURN_TYPE = YES_ERROR;
				GCC_WARN_UNDECLARED_SELECTOR = YES;
				GCC_WARN_UNINITIALIZED_AUTOS = YES_AGGRESSIVE;
				GCC_WARN_UNUSED_FUNCTION = YES;
				GCC_WARN_UNUSED_VARIABLE = YES;
				IPHONEOS_DEPLOYMENT_TARGET = 13.2;
				MTL_ENABLE_DEBUG_INFO = NO;
				MTL_FAST_MATH = YES;
				SDKROOT = iphoneos;
				SWIFT_COMPILATION_MODE = wholemodule;
				SWIFT_OPTIMIZATION_LEVEL = "-O";
				VALIDATE_PRODUCT = YES;
				VERSIONING_SYSTEM = "apple-generic";
				VERSION_INFO_PREFIX = "";
			};
			name = Release;
		};
		5069203F239798980083ACDD /* Debug */ = {
			isa = XCBuildConfiguration;
			buildSettings = {
				CLANG_ENABLE_MODULES = YES;
				CODE_SIGN_STYLE = Automatic;
				DEFINES_MODULE = YES;
				DYLIB_COMPATIBILITY_VERSION = 1;
				DYLIB_CURRENT_VERSION = 1;
				DYLIB_INSTALL_NAME_BASE = "@rpath";
				INFOPLIST_FILE = Gaudi/Info.plist;
				INSTALL_PATH = "$(LOCAL_LIBRARY_DIR)/Frameworks";
				IPHONEOS_DEPLOYMENT_TARGET = 11.0;
				LD_RUNPATH_SEARCH_PATHS = (
					"$(inherited)",
					"@executable_path/Frameworks",
					"@loader_path/Frameworks",
				);
				PRODUCT_BUNDLE_IDENTIFIER = "com.merlin-tech.Gaudi";
				PRODUCT_NAME = "$(TARGET_NAME:c99extidentifier)";
				SKIP_INSTALL = YES;
				SUPPORTS_MACCATALYST = NO;
				SWIFT_OPTIMIZATION_LEVEL = "-Onone";
				SWIFT_VERSION = 5.0;
				TARGETED_DEVICE_FAMILY = "1,2";
			};
			name = Debug;
		};
		50692040239798980083ACDD /* Release */ = {
			isa = XCBuildConfiguration;
			buildSettings = {
				CLANG_ENABLE_MODULES = YES;
				CODE_SIGN_STYLE = Automatic;
				DEFINES_MODULE = YES;
				DYLIB_COMPATIBILITY_VERSION = 1;
				DYLIB_CURRENT_VERSION = 1;
				DYLIB_INSTALL_NAME_BASE = "@rpath";
				INFOPLIST_FILE = Gaudi/Info.plist;
				INSTALL_PATH = "$(LOCAL_LIBRARY_DIR)/Frameworks";
				IPHONEOS_DEPLOYMENT_TARGET = 11.0;
				LD_RUNPATH_SEARCH_PATHS = (
					"$(inherited)",
					"@executable_path/Frameworks",
					"@loader_path/Frameworks",
				);
				PRODUCT_BUNDLE_IDENTIFIER = "com.merlin-tech.Gaudi";
				PRODUCT_NAME = "$(TARGET_NAME:c99extidentifier)";
				SKIP_INSTALL = YES;
				SUPPORTS_MACCATALYST = NO;
				SWIFT_VERSION = 5.0;
				TARGETED_DEVICE_FAMILY = "1,2";
			};
			name = Release;
		};
		50692042239798980083ACDD /* Debug */ = {
			isa = XCBuildConfiguration;
			buildSettings = {
				ALWAYS_EMBED_SWIFT_STANDARD_LIBRARIES = YES;
				CLANG_ENABLE_MODULES = YES;
				CODE_SIGN_STYLE = Automatic;
				INFOPLIST_FILE = GaudiTests/Info.plist;
				IPHONEOS_DEPLOYMENT_TARGET = 11.0;
				LD_RUNPATH_SEARCH_PATHS = (
					"$(inherited)",
					"@executable_path/Frameworks",
					"@loader_path/Frameworks",
				);
				PRODUCT_BUNDLE_IDENTIFIER = "com.merlin-tech.GaudiTests";
				PRODUCT_NAME = "$(TARGET_NAME)";
				SWIFT_OPTIMIZATION_LEVEL = "-Onone";
				SWIFT_VERSION = 5.0;
				TARGETED_DEVICE_FAMILY = "1,2";
			};
			name = Debug;
		};
		50692043239798980083ACDD /* Release */ = {
			isa = XCBuildConfiguration;
			buildSettings = {
				ALWAYS_EMBED_SWIFT_STANDARD_LIBRARIES = YES;
				CLANG_ENABLE_MODULES = YES;
				CODE_SIGN_STYLE = Automatic;
				INFOPLIST_FILE = GaudiTests/Info.plist;
				IPHONEOS_DEPLOYMENT_TARGET = 11.0;
				LD_RUNPATH_SEARCH_PATHS = (
					"$(inherited)",
					"@executable_path/Frameworks",
					"@loader_path/Frameworks",
				);
				PRODUCT_BUNDLE_IDENTIFIER = "com.merlin-tech.GaudiTests";
				PRODUCT_NAME = "$(TARGET_NAME)";
				SWIFT_VERSION = 5.0;
				TARGETED_DEVICE_FAMILY = "1,2";
			};
			name = Release;
		};
/* End XCBuildConfiguration section */

/* Begin XCConfigurationList section */
		50692024239798980083ACDD /* Build configuration list for PBXProject "Gaudi" */ = {
			isa = XCConfigurationList;
			buildConfigurations = (
				5069203C239798980083ACDD /* Debug */,
				5069203D239798980083ACDD /* Release */,
			);
			defaultConfigurationIsVisible = 0;
			defaultConfigurationName = Release;
		};
		5069203E239798980083ACDD /* Build configuration list for PBXNativeTarget "Gaudi" */ = {
			isa = XCConfigurationList;
			buildConfigurations = (
				5069203F239798980083ACDD /* Debug */,
				50692040239798980083ACDD /* Release */,
			);
			defaultConfigurationIsVisible = 0;
			defaultConfigurationName = Release;
		};
		50692041239798980083ACDD /* Build configuration list for PBXNativeTarget "GaudiTests" */ = {
			isa = XCConfigurationList;
			buildConfigurations = (
				50692042239798980083ACDD /* Debug */,
				50692043239798980083ACDD /* Release */,
			);
			defaultConfigurationIsVisible = 0;
			defaultConfigurationName = Release;
		};
/* End XCConfigurationList section */
	};
	rootObject = 50692021239798980083ACDD /* Project object */;
}
